{
  "name": "webm-encrypt",
  "version": "1.0.3",
  "lockfileVersion": 1,
  "requires": true,
  "dependencies": {
    "@types/node": {
      "version": "10.11.5",
      "resolved": "https://registry.npmjs.org/@types/node/-/node-10.11.5.tgz",
      "integrity": "sha512-3j1EFLfrjYRHRFjBb+RIXXwr1YGzcfpQVMP39thZa6tMY+JjVgQddPF+hsdV800JqbuLwpwAWclDpbGSAw44vQ==",
      "dev": true
    },
    "ebml-stream": {
      "version": "1.0.2",
      "resolved": "https://registry.npmjs.org/ebml-stream/-/ebml-stream-1.0.2.tgz",
      "integrity": "sha512-Ah6DORwU8mnV6E935C//wDgKPr3XQZiYivCZ7AZNpYX9SyZ+j2EGmmcxAG/5NkFj+SZoIC4/nKJgUn6fQcS6Cg=="
    },
    "typescript": {
      "version": "3.1.1",
      "resolved": "https://registry.npmjs.org/typescript/-/typescript-3.1.1.tgz",
      "integrity": "sha512-Veu0w4dTc/9wlWNf2jeRInNodKlcdLgemvPsrNpfu5Pq39sgfFjvIIgTsvUHCoLBnMhPoUA+tFxsXjU6VexVRQ==",
      "dev": true
    }
  }
}
